{
  "requires": true,
  "lockfileVersion": 1,
  "dependencies": {
    "react-leaflet-heatmap-layer-v3": {
      "version": "3.0.3-beta-1",
      "resolved": "https://registry.npmjs.org/react-leaflet-heatmap-layer-v3/-/react-leaflet-heatmap-layer-v3-3.0.3-beta-1.tgz",
      "integrity": "sha512-oNv6ul6JHxMIuBXqaGc5P/VM/P6bpiUYAeg1CMCmyeYxWkHfl2YiT4m8VdaJC4TjSxVoi/Ry2ChRTFjF5UsPsg==",
      "requires": {
        "simpleheat": "^0.4.0"
      }
    },
    "simpleheat": {
      "version": "0.4.0",
      "resolved": "https://registry.npmjs.org/simpleheat/-/simpleheat-0.4.0.tgz",
      "integrity": "sha512-tdg3I1NvzMdPKscWBrHbF0LBf+VWuBBazzGUPtFJjG5Q12VQX6gPY8jLy9hx5CbgAIVc5nfnePwJvAYK6z1rAA=="
    }
  }
}
